// !$*UTF8*$!
{
	archiveVersion = 1;
	classes = {
	};
	objectVersion = 56;
	objects = {

/* Begin PBXBuildFile section */
		9860535629B78F290018C1BD /* WebVC.swift in Sources */ = {isa = PBXBuildFile; fileRef = 9860535529B78F290018C1BD /* WebVC.swift */; };
		9879443729B5EC09006AA897 /* AppDelegate.swift in Sources */ = {isa = PBXBuildFile; fileRef = 9879443629B5EC09006AA897 /* AppDelegate.swift */; };
		9879443929B5EC09006AA897 /* SceneDelegate.swift in Sources */ = {isa = PBXBuildFile; fileRef = 9879443829B5EC09006AA897 /* SceneDelegate.swift */; };
		9879443E29B5EC09006AA897 /* Main.storyboard in Resources */ = {isa = PBXBuildFile; fileRef = 9879443C29B5EC09006AA897 /* Main.storyboard */; };
		9879444029B5EC0B006AA897 /* Assets.xcassets in Resources */ = {isa = PBXBuildFile; fileRef = 9879443F29B5EC0B006AA897 /* Assets.xcassets */; };
		9879444329B5EC0B006AA897 /* LaunchScreen.storyboard in Resources */ = {isa = PBXBuildFile; fileRef = 9879444129B5EC0B006AA897 /* LaunchScreen.storyboard */; };
		9879444B29B5ED76006AA897 /* ArticlesTVC.swift in Sources */ = {isa = PBXBuildFile; fileRef = 9879444A29B5ED76006AA897 /* ArticlesTVC.swift */; };
		9879444D29B5EE9A006AA897 /* Article.swift in Sources */ = {isa = PBXBuildFile; fileRef = 9879444C29B5EE9A006AA897 /* Article.swift */; };
		9879444F29B5EFE4006AA897 /* ArticleTVCell.swift in Sources */ = {isa = PBXBuildFile; fileRef = 9879444E29B5EFE4006AA897 /* ArticleTVCell.swift */; };
		9879445129B5F8C7006AA897 /* ArticleDetailVC.swift in Sources */ = {isa = PBXBuildFile; fileRef = 9879445029B5F8C7006AA897 /* ArticleDetailVC.swift */; };
		9879445329B5FE0B006AA897 /* ArticleEconomyTVC.swift in Sources */ = {isa = PBXBuildFile; fileRef = 9879445229B5FE0B006AA897 /* ArticleEconomyTVC.swift */; };
		9879445529B6009F006AA897 /* ArticleSportsTVC.swift in Sources */ = {isa = PBXBuildFile; fileRef = 9879445429B6009F006AA897 /* ArticleSportsTVC.swift */; };
		9879445829B629B9006AA897 /* Kingfisher in Frameworks */ = {isa = PBXBuildFile; productRef = 9879445729B629B9006AA897 /* Kingfisher */; };
/* End PBXBuildFile section */

/* Begin PBXFileReference section */
		9860535529B78F290018C1BD /* WebVC.swift */ = {isa = PBXFileReference; lastKnownFileType = sourcecode.swift; path = WebVC.swift; sourceTree = "<group>"; };
		9879443329B5EC09006AA897 /* newsApp.app */ = {isa = PBXFileReference; explicitFileType = wrapper.application; includeInIndex = 0; path = newsApp.app; sourceTree = BUILT_PRODUCTS_DIR; };
		9879443629B5EC09006AA897 /* AppDelegate.swift */ = {isa = PBXFileReference; lastKnownFileType = sourcecode.swift; path = AppDelegate.swift; sourceTree = "<group>"; };
		9879443829B5EC09006AA897 /* SceneDelegate.swift */ = {isa = PBXFileReference; lastKnownFileType = sourcecode.swift; path = SceneDelegate.swift; sourceTree = "<group>"; };
		9879443D29B5EC09006AA897 /* Base */ = {isa = PBXFileReference; lastKnownFileType = file.storyboard; name = Base; path = Base.lproj/Main.storyboard; sourceTree = "<group>"; };
		9879443F29B5EC0B006AA897 /* Assets.xcassets */ = {isa = PBXFileReference; lastKnownFileType = folder.assetcatalog; path = Assets.xcassets; sourceTree = "<group>"; };
		9879444229B5EC0B006AA897 /* Base */ = {isa = PBXFileReference; lastKnownFileType = file.storyboard; name = Base; path = Base.lproj/LaunchScreen.storyboard; sourceTree = "<group>"; };
		9879444429B5EC0B006AA897 /* Info.plist */ = {isa = PBXFileReference; lastKnownFileType = text.plist.xml; path = Info.plist; sourceTree = "<group>"; };
		9879444A29B5ED76006AA897 /* ArticlesTVC.swift */ = {isa = PBXFileReference; lastKnownFileType = sourcecode.swift; path = ArticlesTVC.swift; sourceTree = "<group>"; };
		9879444C29B5EE9A006AA897 /* Article.swift */ = {isa = PBXFileReference; lastKnownFileType = sourcecode.swift; path = Article.swift; sourceTree = "<group>"; };
		9879444E29B5EFE4006AA897 /* ArticleTVCell.swift */ = {isa = PBXFileReference; lastKnownFileType = sourcecode.swift; path = ArticleTVCell.swift; sourceTree = "<group>"; };
		9879445029B5F8C7006AA897 /* ArticleDetailVC.swift */ = {isa = PBXFileReference; lastKnownFileType = sourcecode.swift; path = ArticleDetailVC.swift; sourceTree = "<group>"; };
		9879445229B5FE0B006AA897 /* ArticleEconomyTVC.swift */ = {isa = PBXFileReference; lastKnownFileType = sourcecode.swift; path = ArticleEconomyTVC.swift; sourceTree = "<group>"; };
		9879445429B6009F006AA897 /* ArticleSportsTVC.swift */ = {isa = PBXFileReference; lastKnownFileType = sourcecode.swift; path = ArticleSportsTVC.swift; sourceTree = "<group>"; };
/* End PBXFileReference section */

/* Begin PBXFrameworksBuildPhase section */
		9879443029B5EC09006AA897 /* Frameworks */ = {
			isa = PBXFrameworksBuildPhase;
			buildActionMask = 2147483647;
			files = (
				9879445829B629B9006AA897 /* Kingfisher in Frameworks */,
			);
			runOnlyForDeploymentPostprocessing = 0;
		};
/* End PBXFrameworksBuildPhase section */

/* Begin PBXGroup section */
		9879442A29B5EC09006AA897 = {
			isa = PBXGroup;
			children = (
				9879443529B5EC09006AA897 /* newsApp */,
				9879443429B5EC09006AA897 /* Products */,
			);
			sourceTree = "<group>";
		};
		9879443429B5EC09006AA897 /* Products */ = {
			isa = PBXGroup;
			children = (
				9879443329B5EC09006AA897 /* newsApp.app */,
			);
			name = Products;
			sourceTree = "<group>";
		};
		9879443529B5EC09006AA897 /* newsApp */ = {
			isa = PBXGroup;
			children = (
				9879443629B5EC09006AA897 /* AppDelegate.swift */,
				9879443829B5EC09006AA897 /* SceneDelegate.swift */,
				9879443C29B5EC09006AA897 /* Main.storyboard */,
				9860535529B78F290018C1BD /* WebVC.swift */,
				9879445429B6009F006AA897 /* ArticleSportsTVC.swift */,
				9879445229B5FE0B006AA897 /* ArticleEconomyTVC.swift */,
				9879445029B5F8C7006AA897 /* ArticleDetailVC.swift */,
				9879444C29B5EE9A006AA897 /* Article.swift */,
				9879444E29B5EFE4006AA897 /* ArticleTVCell.swift */,
				9879444A29B5ED76006AA897 /* ArticlesTVC.swift */,
				9879443F29B5EC0B006AA897 /* Assets.xcassets */,
				9879444129B5EC0B006AA897 /* LaunchScreen.storyboard */,
				9879444429B5EC0B006AA897 /* Info.plist */,
			);
			path = newsApp;
			sourceTree = "<group>";
		};
/* End PBXGroup section */

/* Begin PBXNativeTarget section */
		9879443229B5EC09006AA897 /* newsApp */ = {
			isa = PBXNativeTarget;
			buildConfigurationList = 9879444729B5EC0B006AA897 /* Build configuration list for PBXNativeTarget "newsApp" */;
			buildPhases = (
				9879442F29B5EC09006AA897 /* Sources */,
				9879443029B5EC09006AA897 /* Frameworks */,
				9879443129B5EC09006AA897 /* Resources */,
			);
			buildRules = (
			);
			dependencies = (
			);
			name = newsApp;
			packageProductDependencies = (
				9879445729B629B9006AA897 /* Kingfisher */,
			);
			productName = newsApp;
			productReference = 9879443329B5EC09006AA897 /* newsApp.app */;
			productType = "com.apple.product-type.application";
		};
/* End PBXNativeTarget section */

/* Begin PBXProject section */
		9879442B29B5EC09006AA897 /* Project object */ = {
			isa = PBXProject;
			attributes = {
				BuildIndependentTargetsInParallel = 1;
				LastSwiftUpdateCheck = 1420;
				LastUpgradeCheck = 1420;
				TargetAttributes = {
					9879443229B5EC09006AA897 = {
						CreatedOnToolsVersion = 14.2;
					};
				};
			};
			buildConfigurationList = 9879442E29B5EC09006AA897 /* Build configuration list for PBXProject "newsApp" */;
			compatibilityVersion = "Xcode 14.0";
			developmentRegion = en;
			hasScannedForEncodings = 0;
			knownRegions = (
				en,
				Base,
			);
			mainGroup = 9879442A29B5EC09006AA897;
			packageReferences = (
				9879445629B629B9006AA897 /* XCRemoteSwiftPackageReference "Kingfisher" */,
			);
			productRefGroup = 9879443429B5EC09006AA897 /* Products */;
			projectDirPath = "";
			projectRoot = "";
			targets = (
				9879443229B5EC09006AA897 /* newsApp */,
			);
		};
/* End PBXProject section */

/* Begin PBXResourcesBuildPhase section */
		9879443129B5EC09006AA897 /* Resources */ = {
			isa = PBXResourcesBuildPhase;
			buildActionMask = 2147483647;
			files = (
				9879444329B5EC0B006AA897 /* LaunchScreen.storyboard in Resources */,
				9879444029B5EC0B006AA897 /* Assets.xcassets in Resources */,
				9879443E29B5EC09006AA897 /* Main.storyboard in Resources */,
			);
			runOnlyForDeploymentPostprocessing = 0;
		};
/* End PBXResourcesBuildPhase section */

/* Begin PBXSourcesBuildPhase section */
		9879442F29B5EC09006AA897 /* Sources */ = {
			isa = PBXSourcesBuildPhase;
			buildActionMask = 2147483647;
			files = (
				9860535629B78F290018C1BD /* WebVC.swift in Sources */,
				9879444D29B5EE9A006AA897 /* Article.swift in Sources */,
				9879445329B5FE0B006AA897 /* ArticleEconomyTVC.swift in Sources */,
				9879443729B5EC09006AA897 /* AppDelegate.swift in Sources */,
				9879445129B5F8C7006AA897 /* ArticleDetailVC.swift in Sources */,
				9879444B29B5ED76006AA897 /* ArticlesTVC.swift in Sources */,
				9879445529B6009F006AA897 /* ArticleSportsTVC.swift in Sources */,
				9879443929B5EC09006AA897 /* SceneDelegate.swift in Sources */,
				9879444F29B5EFE4006AA897 /* ArticleTVCell.swift in Sources */,
			);
			runOnlyForDeploymentPostprocessing = 0;
		};
/* End PBXSourcesBuildPhase section */

/* Begin PBXVariantGroup section */
		9879443C29B5EC09006AA897 /* Main.storyboard */ = {
			isa = PBXVariantGroup;
			children = (
				9879443D29B5EC09006AA897 /* Base */,
			);
			name = Main.storyboard;
			sourceTree = "<group>";
		};
		9879444129B5EC0B006AA897 /* LaunchScreen.storyboard */ = {
			isa = PBXVariantGroup;
			children = (
				9879444229B5EC0B006AA897 /* Base */,
			);
			name = LaunchScreen.storyboard;
			sourceTree = "<group>";
		};
/* End PBXVariantGroup section */

/* Begin XCBuildConfiguration section */
		9879444529B5EC0B006AA897 /* Debug */ = {
			isa = XCBuildConfiguration;
			buildSettings = {
				ALWAYS_SEARCH_USER_PATHS = NO;
				CLANG_ANALYZER_NONNULL = YES;
				CLANG_ANALYZER_NUMBER_OBJECT_CONVERSION = YES_AGGRESSIVE;
				CLANG_CXX_LANGUAGE_STANDARD = "gnu++20";
				CLANG_ENABLE_MODULES = YES;
				CLANG_ENABLE_OBJC_ARC = YES;
				CLANG_ENABLE_OBJC_WEAK = YES;
				CLANG_WARN_BLOCK_CAPTURE_AUTORELEASING = YES;
				CLANG_WARN_BOOL_CONVERSION = YES;
				CLANG_WARN_COMMA = YES;
				CLANG_WARN_CONSTANT_CONVERSION = YES;
				CLANG_WARN_DEPRECATED_OBJC_IMPLEMENTATIONS = YES;
				CLANG_WARN_DIRECT_OBJC_ISA_USAGE = YES_ERROR;
				CLANG_WARN_DOCUMENTATION_COMMENTS = YES;
				CLANG_WARN_EMPTY_BODY = YES;
				CLANG_WARN_ENUM_CONVERSION = YES;
				CLANG_WARN_INFINITE_RECURSION = YES;
				CLANG_WARN_INT_CONVERSION = YES;
				CLANG_WARN_NON_LITERAL_NULL_CONVERSION = YES;
				CLANG_WARN_OBJC_IMPLICIT_RETAIN_SELF = YES;
				CLANG_WARN_OBJC_LITERAL_CONVERSION = YES;
				CLANG_WARN_OBJC_ROOT_CLASS = YES_ERROR;
				CLANG_WARN_QUOTED_INCLUDE_IN_FRAMEWORK_HEADER = YES;
				CLANG_WARN_RANGE_LOOP_ANALYSIS = YES;
				CLANG_WARN_STRICT_PROTOTYPES = YES;
				CLANG_WARN_SUSPICIOUS_MOVE = YES;
				CLANG_WARN_UNGUARDED_AVAILABILITY = YES_AGGRESSIVE;
				CLANG_WARN_UNREACHABLE_CODE = YES;
				CLANG_WARN__DUPLICATE_METHOD_MATCH = YES;
				COPY_PHASE_STRIP = NO;
				DEBUG_INFORMATION_FORMAT = dwarf;
				ENABLE_STRICT_OBJC_MSGSEND = YES;
				ENABLE_TESTABILITY = YES;
				GCC_C_LANGUAGE_STANDARD = gnu11;
				GCC_DYNAMIC_NO_PIC = NO;
				GCC_NO_COMMON_BLOCKS = YES;
				GCC_OPTIMIZATION_LEVEL = 0;
				GCC_PREPROCESSOR_DEFINITIONS = (
					"DEBUG=1",
					"$(inherited)",
				);
				GCC_WARN_64_TO_32_BIT_CONVERSION = YES;
				GCC_WARN_ABOUT_RETURN_TYPE = YES_ERROR;
				GCC_WARN_UNDECLARED_SELECTOR = YES;
				GCC_WARN_UNINITIALIZED_AUTOS = YES_AGGRESSIVE;
				GCC_WARN_UNUSED_FUNCTION = YES;
				GCC_WARN_UNUSED_VARIABLE = YES;
				IPHONEOS_DEPLOYMENT_TARGET = 16.2;
				MTL_ENABLE_DEBUG_INFO = INCLUDE_SOURCE;
				MTL_FAST_MATH = YES;
				ONLY_ACTIVE_ARCH = YES;
				SDKROOT = iphoneos;
				SWIFT_ACTIVE_COMPILATION_CONDITIONS = DEBUG;
				SWIFT_OPTIMIZATION_LEVEL = "-Onone";
			};
			name = Debug;
		};
		9879444629B5EC0B006AA897 /* Release */ = {
			isa = XCBuildConfiguration;
			buildSettings = {
				ALWAYS_SEARCH_USER_PATHS = NO;
				CLANG_ANALYZER_NONNULL = YES;
				CLANG_ANALYZER_NUMBER_OBJECT_CONVERSION = YES_AGGRESSIVE;
				CLANG_CXX_LANGUAGE_STANDARD = "gnu++20";
				CLANG_ENABLE_MODULES = YES;
				CLANG_ENABLE_OBJC_ARC = YES;
				CLANG_ENABLE_OBJC_WEAK = YES;
				CLANG_WARN_BLOCK_CAPTURE_AUTORELEASING = YES;
				CLANG_WARN_BOOL_CONVERSION = YES;
				CLANG_WARN_COMMA = YES;
				CLANG_WARN_CONSTANT_CONVERSION = YES;
				CLANG_WARN_DEPRECATED_OBJC_IMPLEMENTATIONS = YES;
				CLANG_WARN_DIRECT_OBJC_ISA_USAGE = YES_ERROR;
				CLANG_WARN_DOCUMENTATION_COMMENTS = YES;
				CLANG_WARN_EMPTY_BODY = YES;
				CLANG_WARN_ENUM_CONVERSION = YES;
				CLANG_WARN_INFINITE_RECURSION = YES;
				CLANG_WARN_INT_CONVERSION = YES;
				CLANG_WARN_NON_LITERAL_NULL_CONVERSION = YES;
				CLANG_WARN_OBJC_IMPLICIT_RETAIN_SELF = YES;
				CLANG_WARN_OBJC_LITERAL_CONVERSION = YES;
				CLANG_WARN_OBJC_ROOT_CLASS = YES_ERROR;
				CLANG_WARN_QUOTED_INCLUDE_IN_FRAMEWORK_HEADER = YES;
				CLANG_WARN_RANGE_LOOP_ANALYSIS = YES;
				CLANG_WARN_STRICT_PROTOTYPES = YES;
				CLANG_WARN_SUSPICIOUS_MOVE = YES;
				CLANG_WARN_UNGUARDED_AVAILABILITY = YES_AGGRESSIVE;
				CLANG_WARN_UNREACHABLE_CODE = YES;
				CLANG_WARN__DUPLICATE_METHOD_MATCH = YES;
				COPY_PHASE_STRIP = NO;
				DEBUG_INFORMATION_FORMAT = "dwarf-with-dsym";
				ENABLE_NS_ASSERTIONS = NO;
				ENABLE_STRICT_OBJC_MSGSEND = YES;
				GCC_C_LANGUAGE_STANDARD = gnu11;
				GCC_NO_COMMON_BLOCKS = YES;
				GCC_WARN_64_TO_32_BIT_CONVERSION = YES;
				GCC_WARN_ABOUT_RETURN_TYPE = YES_ERROR;
				GCC_WARN_UNDECLARED_SELECTOR = YES;
				GCC_WARN_UNINITIALIZED_AUTOS = YES_AGGRESSIVE;
				GCC_WARN_UNUSED_FUNCTION = YES;
				GCC_WARN_UNUSED_VARIABLE = YES;
				IPHONEOS_DEPLOYMENT_TARGET = 16.2;
				MTL_ENABLE_DEBUG_INFO = NO;
				MTL_FAST_MATH = YES;
				SDKROOT = iphoneos;
				SWIFT_COMPILATION_MODE = wholemodule;
				SWIFT_OPTIMIZATION_LEVEL = "-O";
				VALIDATE_PRODUCT = YES;
			};
			name = Release;
		};
		9879444829B5EC0B006AA897 /* Debug */ = {
			isa = XCBuildConfiguration;
			buildSettings = {
				ASSETCATALOG_COMPILER_APPICON_NAME = AppIcon;
				ASSETCATALOG_COMPILER_GLOBAL_ACCENT_COLOR_NAME = AccentColor;
				CODE_SIGN_STYLE = Automatic;
				CURRENT_PROJECT_VERSION = 1;
				GENERATE_INFOPLIST_FILE = YES;
				INFOPLIST_FILE = newsApp/Info.plist;
				INFOPLIST_KEY_UIApplicationSupportsIndirectInputEvents = YES;
				INFOPLIST_KEY_UILaunchStoryboardName = LaunchScreen;
				INFOPLIST_KEY_UIMainStoryboardFile = Main;
				INFOPLIST_KEY_UISupportedInterfaceOrientations_iPad = "UIInterfaceOrientationPortrait UIInterfaceOrientationPortraitUpsideDown UIInterfaceOrientationLandscapeLeft UIInterfaceOrientationLandscapeRight";
				INFOPLIST_KEY_UISupportedInterfaceOrientations_iPhone = "UIInterfaceOrientationPortrait UIInterfaceOrientationLandscapeLeft UIInterfaceOrientationLandscapeRight";
				LD_RUNPATH_SEARCH_PATHS = (
					"$(inherited)",
					"@executable_path/Frameworks",
				);
				MARKETING_VERSION = 1.0;
				PRODUCT_BUNDLE_IDENTIFIER = mindprober.newsApp;
				PRODUCT_NAME = "$(TARGET_NAME)";
				SWIFT_EMIT_LOC_STRINGS = YES;
				SWIFT_VERSION = 5.0;
				TARGETED_DEVICE_FAMILY = "1,2";
			};
			name = Debug;
		};
		9879444929B5EC0B006AA897 /* Release */ = {
			isa = XCBuildConfiguration;
			buildSettings = {
				ASSETCATALOG_COMPILER_APPICON_NAME = AppIcon;
				ASSETCATALOG_COMPILER_GLOBAL_ACCENT_COLOR_NAME = AccentColor;
				CODE_SIGN_STYLE = Automatic;
				CURRENT_PROJECT_VERSION = 1;
				GENERATE_INFOPLIST_FILE = YES;
				INFOPLIST_FILE = newsApp/Info.plist;
				INFOPLIST_KEY_UIApplicationSupportsIndirectInputEvents = YES;
				INFOPLIST_KEY_UILaunchStoryboardName = LaunchScreen;
				INFOPLIST_KEY_UIMainStoryboardFile = Main;
				INFOPLIST_KEY_UISupportedInterfaceOrientations_iPad = "UIInterfaceOrientationPortrait UIInterfaceOrientationPortraitUpsideDown UIInterfaceOrientationLandscapeLeft UIInterfaceOrientationLandscapeRight";
				INFOPLIST_KEY_UISupportedInterfaceOrientations_iPhone = "UIInterfaceOrientationPortrait UIInterfaceOrientationLandscapeLeft UIInterfaceOrientationLandscapeRight";
				LD_RUNPATH_SEARCH_PATHS = (
					"$(inherited)",
					"@executable_path/Frameworks",
				);
				MARKETING_VERSION = 1.0;
				PRODUCT_BUNDLE_IDENTIFIER = mindprober.newsApp;
				PRODUCT_NAME = "$(TARGET_NAME)";
				SWIFT_EMIT_LOC_STRINGS = YES;
				SWIFT_VERSION = 5.0;
				TARGETED_DEVICE_FAMILY = "1,2";
			};
			name = Release;
		};
/* End XCBuildConfiguration section */

/* Begin XCConfigurationList section */
		9879442E29B5EC09006AA897 /* Build configuration list for PBXProject "newsApp" */ = {
			isa = XCConfigurationList;
			buildConfigurations = (
				9879444529B5EC0B006AA897 /* Debug */,
				9879444629B5EC0B006AA897 /* Release */,
			);
			defaultConfigurationIsVisible = 0;
			defaultConfigurationName = Release;
		};
		9879444729B5EC0B006AA897 /* Build configuration list for PBXNativeTarget "newsApp" */ = {
			isa = XCConfigurationList;
			buildConfigurations = (
				9879444829B5EC0B006AA897 /* Debug */,
				9879444929B5EC0B006AA897 /* Release */,
			);
			defaultConfigurationIsVisible = 0;
			defaultConfigurationName = Release;
		};
/* End XCConfigurationList section */

/* Begin XCRemoteSwiftPackageReference section */
		9879445629B629B9006AA897 /* XCRemoteSwiftPackageReference "Kingfisher" */ = {
			isa = XCRemoteSwiftPackageReference;
			repositoryURL = "https://github.com/onevcat/Kingfisher.git";
			requirement = {
				kind = upToNextMajorVersion;
				minimumVersion = 7.0.0;
			};
		};
/* End XCRemoteSwiftPackageReference section */

/* Begin XCSwiftPackageProductDependency section */
		9879445729B629B9006AA897 /* Kingfisher */ = {
			isa = XCSwiftPackageProductDependency;
			package = 9879445629B629B9006AA897 /* XCRemoteSwiftPackageReference "Kingfisher" */;
			productName = Kingfisher;
		};
/* End XCSwiftPackageProductDependency section */
	};
	rootObject = 9879442B29B5EC09006AA897 /* Project object */;
}
